
Microsoft Visual Studio Solution File, Format Version 12.00
# Visual Studio Version 17
VisualStudioVersion = 17.12.35521.163 d17.12
MinimumVisualStudioVersion = 10.0.40219.1
Project("{FAE04EC0-301F-11D3-BF4B-00C04F79EFBC}") = "ElsaServer", "ElsaServer\ElsaServer.csproj", "{8127696F-5E25-419C-B989-9ACF7E8767AE}"
EndProject
Project("{FAE04EC0-301F-11D3-BF4B-00C04F79EFBC}") = "ElsaStudioBlazorServer", "ElsaStudioBlazorServer\ElsaStudioBlazorServer.csproj", "{A2F1E58D-E3F7-46D7-8B67-D1A484CC33EB}"
EndProject
Global
	GlobalSection(SolutionConfigurationPlatforms) = preSolution
		Debug|Any CPU = Debug|Any CPU
		Release|Any CPU = Release|Any CPU
	EndGlobalSection
	GlobalSection(ProjectConfigurationPlatforms) = postSolution
		{8127696F-5E25-419C-B989-9ACF7E8767AE}.Debug|Any CPU.ActiveCfg = Debug|Any CPU
		{8127696F-5E25-419C-B989-9ACF7E8767AE}.Debug|Any CPU.Build.0 = Debug|Any CPU
		{8127696F-5E25-419C-B989-9ACF7E8767AE}.Release|Any CPU.ActiveCfg = Release|Any CPU
		{8127696F-5E25-419C-B989-9ACF7E8767AE}.Release|Any CPU.Build.0 = Release|Any CPU
		{A2F1E58D-E3F7-46D7-8B67-D1A484CC33EB}.Debug|Any CPU.ActiveCfg = Debug|Any CPU
		{A2F1E58D-E3F7-46D7-8B67-D1A484CC33EB}.Debug|Any CPU.Build.0 = Debug|Any CPU
		{A2F1E58D-E3F7-46D7-8B67-D1A484CC33EB}.Release|Any CPU.ActiveCfg = Release|Any CPU
		{A2F1E58D-E3F7-46D7-8B67-D1A484CC33EB}.Release|Any CPU.Build.0 = Release|Any CPU
	EndGlobalSection
	GlobalSection(SolutionProperties) = preSolution
		HideSolutionNode = FALSE
	EndGlobalSection
EndGlobal
